PODS:
  - Realm (10.49.2):
    - Realm/Headers (= 10.49.2)
  - Realm/Headers (10.49.2)
  - RealmSwift (10.49.2):
    - Realm (= 10.49.2)

DEPENDENCIES:
  - Realm (= 10.49.2)
  - RealmSwift (= 10.49.2)

SPEC REPOS:
  trunk:
    - Realm
    - RealmSwift

SPEC CHECKSUMS:
  Realm: c1a96376972e5f6c26276a0cd6dee15eeefaf53c
  RealmSwift: db6ea9e15607653352baa42321bd9586850b7f04

PODFILE CHECKSUM: 9e85ef14297bd59eb2646921f1e08a00721b070b

COCOAPODS: 1.15.2
